lockfileVersion: '9.0'

settings:
  autoInstallPeers: true
  excludeLinksFromLockfile: false

importers:

  .:
    dependencies:
      '@codemirror/language':
        specifier: ^6.11.2
        version: 6.11.3
      '@iizukak/codemirror-lang-wgsl':
        specifier: ^0.3.0
        version: 0.3.0
      '@lezer/highlight':
        specifier: ^1.2.1
        version: 1.2.1
      '@shoelace-style/shoelace':
        specifier: ^2.20.1
        version: 2.20.1(@floating-ui/utils@0.2.9)(@types/react@19.0.12)
      random_wgsl:
        specifier: 0.6.49
        version: 0.6.49
      style-mod:
        specifier: ^4.1.2
        version: 4.1.2
      wesl:
        specifier: 0.6.49
        version: 0.6.49
    devDependencies:
      '@playwright/test':
        specifier: ^1.53.2
        version: 1.57.0
      '@webgpu/types':
        specifier: ^0.1.65
        version: 0.1.68
      typescript:
        specifier: ^5.9.3
        version: 5.9.3
      vite:
        specifier: ^7.3.0
        version: 7.3.0
      vite-plugin-static-copy:
        specifier: ^3.1.0
        version: 3.1.4(vite@7.3.0)
      wesl-plugin:
        specifier: 0.6.49
        version: 0.6.49(esbuild@0.27.2)(vite@7.3.0)

packages:

  '@codemirror/autocomplete@6.18.6':
    resolution: {integrity: sha512-PHHBXFomUs5DF+9tCOM/UoW6XQ4R44lLNNhRaW9PKPTU0D7lIjRg3ElxaJnTwsl/oHiR93WSXDBrekhoUGCPtg==}

  '@codemirror/commands@6.8.1':
    resolution: {integrity: sha512-KlGVYufHMQzxbdQONiLyGQDUW0itrLZwq3CcY7xpv9ZLRHqzkBSoteocBHtMCoY7/Ci4xhzSrToIeLg7FxHuaw==}

  '@codemirror/language@6.11.3':
    resolution: {integrity: sha512-9HBM2XnwDj7fnu0551HkGdrUrrqmYq/WC5iv6nbY2WdicXdGbhR/gfbZOH73Aqj4351alY1+aoG9rCNfiwS1RA==}

  '@codemirror/lint@6.8.5':
    resolution: {integrity: sha512-s3n3KisH7dx3vsoeGMxsbRAgKe4O1vbrnKBClm99PU0fWxmxsx5rR2PfqQgIt+2MMJBHbiJ5rfIdLYfB9NNvsA==}

  '@codemirror/search@6.5.10':
    resolution: {integrity: sha512-RMdPdmsrUf53pb2VwflKGHEe1XVM07hI7vV2ntgw1dmqhimpatSJKva4VA9h4TLUDOD4EIF02201oZurpnEFsg==}

  '@codemirror/state@6.5.2':
    resolution: {integrity: sha512-FVqsPqtPWKVVL3dPSxy8wEF/ymIEuVzF1PK3VbUgrxXpJUSHQWWZz4JMToquRxnkw+36LTamCZG2iua2Ptq0fA==}

  '@codemirror/view@6.36.5':
    resolution: {integrity: sha512-cd+FZEUlu3GQCYnguYm3EkhJ8KJVisqqUsCOKedBoAt/d9c76JUUap6U0UrpElln5k6VyrEOYliMuDAKIeDQLg==}

  '@ctrl/tinycolor@4.1.0':
    resolution: {integrity: sha512-WyOx8cJQ+FQus4Mm4uPIZA64gbk3Wxh0so5Lcii0aJifqwoVOlfFtorjLE0Hen4OYyHZMXDWqMmaQemBhgxFRQ==}
    engines: {node: '>=14'}

  '@esbuild/aix-ppc64@0.27.2':
    resolution: {integrity: sha512-GZMB+a0mOMZs4MpDbj8RJp4cw+w1WV5NYD6xzgvzUJ5Ek2jerwfO2eADyI6ExDSUED+1X8aMbegahsJi+8mgpw==}
    engines: {node: '>=18'}
    cpu: [ppc64]
    os: [aix]

  '@esbuild/android-arm64@0.27.2':
    resolution: {integrity: sha512-pvz8ZZ7ot/RBphf8fv60ljmaoydPU12VuXHImtAs0XhLLw+EXBi2BLe3OYSBslR4rryHvweW5gmkKFwTiFy6KA==}
    engines: {node: '>=18'}
    cpu: [arm64]
    os: [android]

  '@esbuild/android-arm@0.27.2':
    resolution: {integrity: sha512-DVNI8jlPa7Ujbr1yjU2PfUSRtAUZPG9I1RwW4F4xFB1Imiu2on0ADiI/c3td+KmDtVKNbi+nffGDQMfcIMkwIA==}
    engines: {node: '>=18'}
    cpu: [arm]
    os: [android]

  '@esbuild/android-x64@0.27.2':
    resolution: {integrity: sha512-z8Ank4Byh4TJJOh4wpz8g2vDy75zFL0TlZlkUkEwYXuPSgX8yzep596n6mT7905kA9uHZsf/o2OJZubl2l3M7A==}
    engines: {node: '>=18'}
    cpu: [x64]
    os: [android]

  '@esbuild/darwin-arm64@0.27.2':
    resolution: {integrity: sha512-davCD2Zc80nzDVRwXTcQP/28fiJbcOwvdolL0sOiOsbwBa72kegmVU0Wrh1MYrbuCL98Omp5dVhQFWRKR2ZAlg==}
    engines: {node: '>=18'}
    cpu: [arm64]
    os: [darwin]

  '@esbuild/darwin-x64@0.27.2':
    resolution: {integrity: sha512-ZxtijOmlQCBWGwbVmwOF/UCzuGIbUkqB1faQRf5akQmxRJ1ujusWsb3CVfk/9iZKr2L5SMU5wPBi1UWbvL+VQA==}
    engines: {node: '>=18'}
    cpu: [x64]
    os: [darwin]

  '@esbuild/freebsd-arm64@0.27.2':
    resolution: {integrity: sha512-lS/9CN+rgqQ9czogxlMcBMGd+l8Q3Nj1MFQwBZJyoEKI50XGxwuzznYdwcav6lpOGv5BqaZXqvBSiB/kJ5op+g==}
    engines: {node: '>=18'}
    cpu: [arm64]
    os: [freebsd]

  '@esbuild/freebsd-x64@0.27.2':
    resolution: {integrity: sha512-tAfqtNYb4YgPnJlEFu4c212HYjQWSO/w/h/lQaBK7RbwGIkBOuNKQI9tqWzx7Wtp7bTPaGC6MJvWI608P3wXYA==}
    engines: {node: '>=18'}
    cpu: [x64]
    os: [freebsd]

  '@esbuild/linux-arm64@0.27.2':
    resolution: {integrity: sha512-hYxN8pr66NsCCiRFkHUAsxylNOcAQaxSSkHMMjcpx0si13t1LHFphxJZUiGwojB1a/Hd5OiPIqDdXONia6bhTw==}
    engines: {node: '>=18'}
    cpu: [arm64]
    os: [linux]

  '@esbuild/linux-arm@0.27.2':
    resolution: {integrity: sha512-vWfq4GaIMP9AIe4yj1ZUW18RDhx6EPQKjwe7n8BbIecFtCQG4CfHGaHuh7fdfq+y3LIA2vGS/o9ZBGVxIDi9hw==}
    engines: {node: '>=18'}
    cpu: [arm]
    os: [linux]

  '@esbuild/linux-ia32@0.27.2':
    resolution: {integrity: sha512-MJt5BRRSScPDwG2hLelYhAAKh9imjHK5+NE/tvnRLbIqUWa+0E9N4WNMjmp/kXXPHZGqPLxggwVhz7QP8CTR8w==}
    engines: {node: '>=18'}
    cpu: [ia32]
    os: [linux]

  '@esbuild/linux-loong64@0.27.2':
    resolution: {integrity: sha512-lugyF1atnAT463aO6KPshVCJK5NgRnU4yb3FUumyVz+cGvZbontBgzeGFO1nF+dPueHD367a2ZXe1NtUkAjOtg==}
    engines: {node: '>=18'}
    cpu: [loong64]
    os: [linux]

  '@esbuild/linux-mips64el@0.27.2':
    resolution: {integrity: sha512-nlP2I6ArEBewvJ2gjrrkESEZkB5mIoaTswuqNFRv/WYd+ATtUpe9Y09RnJvgvdag7he0OWgEZWhviS1OTOKixw==}
    engines: {node: '>=18'}
    cpu: [mips64el]
    os: [linux]

  '@esbuild/linux-ppc64@0.27.2':
    resolution: {integrity: sha512-C92gnpey7tUQONqg1n6dKVbx3vphKtTHJaNG2Ok9lGwbZil6DrfyecMsp9CrmXGQJmZ7iiVXvvZH6Ml5hL6XdQ==}
    engines: {node: '>=18'}
    cpu: [ppc64]
    os: [linux]

  '@esbuild/linux-riscv64@0.27.2':
    resolution: {integrity: sha512-B5BOmojNtUyN8AXlK0QJyvjEZkWwy/FKvakkTDCziX95AowLZKR6aCDhG7LeF7uMCXEJqwa8Bejz5LTPYm8AvA==}
    engines: {node: '>=18'}
    cpu: [riscv64]
    os: [linux]

  '@esbuild/linux-s390x@0.27.2':
    resolution: {integrity: sha512-p4bm9+wsPwup5Z8f4EpfN63qNagQ47Ua2znaqGH6bqLlmJ4bx97Y9JdqxgGZ6Y8xVTixUnEkoKSHcpRlDnNr5w==}
    engines: {node: '>=18'}
    cpu: [s390x]
    os: [linux]

  '@esbuild/linux-x64@0.27.2':
    resolution: {integrity: sha512-uwp2Tip5aPmH+NRUwTcfLb+W32WXjpFejTIOWZFw/v7/KnpCDKG66u4DLcurQpiYTiYwQ9B7KOeMJvLCu/OvbA==}
    engines: {node: '>=18'}
    cpu: [x64]
    os: [linux]

  '@esbuild/netbsd-arm64@0.27.2':
    resolution: {integrity: sha512-Kj6DiBlwXrPsCRDeRvGAUb/LNrBASrfqAIok+xB0LxK8CHqxZ037viF13ugfsIpePH93mX7xfJp97cyDuTZ3cw==}
    engines: {node: '>=18'}
    cpu: [arm64]
    os: [netbsd]

  '@esbuild/netbsd-x64@0.27.2':
    resolution: {integrity: sha512-HwGDZ0VLVBY3Y+Nw0JexZy9o/nUAWq9MlV7cahpaXKW6TOzfVno3y3/M8Ga8u8Yr7GldLOov27xiCnqRZf0tCA==}
    engines: {node: '>=18'}
    cpu: [x64]
    os: [netbsd]

  '@esbuild/openbsd-arm64@0.27.2':
    resolution: {integrity: sha512-DNIHH2BPQ5551A7oSHD0CKbwIA/Ox7+78/AWkbS5QoRzaqlev2uFayfSxq68EkonB+IKjiuxBFoV8ESJy8bOHA==}
    engines: {node: '>=18'}
    cpu: [arm64]
    os: [openbsd]

  '@esbuild/openbsd-x64@0.27.2':
    resolution: {integrity: sha512-/it7w9Nb7+0KFIzjalNJVR5bOzA9Vay+yIPLVHfIQYG/j+j9VTH84aNB8ExGKPU4AzfaEvN9/V4HV+F+vo8OEg==}
    engines: {node: '>=18'}
    cpu: [x64]
    os: [openbsd]

  '@esbuild/openharmony-arm64@0.27.2':
    resolution: {integrity: sha512-LRBbCmiU51IXfeXk59csuX/aSaToeG7w48nMwA6049Y4J4+VbWALAuXcs+qcD04rHDuSCSRKdmY63sruDS5qag==}
    engines: {node: '>=18'}
    cpu: [arm64]
    os: [openharmony]

  '@esbuild/sunos-x64@0.27.2':
    resolution: {integrity: sha512-kMtx1yqJHTmqaqHPAzKCAkDaKsffmXkPHThSfRwZGyuqyIeBvf08KSsYXl+abf5HDAPMJIPnbBfXvP2ZC2TfHg==}
    engines: {node: '>=18'}
    cpu: [x64]
    os: [sunos]

  '@esbuild/win32-arm64@0.27.2':
    resolution: {integrity: sha512-Yaf78O/B3Kkh+nKABUF++bvJv5Ijoy9AN1ww904rOXZFLWVc5OLOfL56W+C8F9xn5JQZa3UX6m+IktJnIb1Jjg==}
    engines: {node: '>=18'}
    cpu: [arm64]
    os: [win32]

  '@esbuild/win32-ia32@0.27.2':
    resolution: {integrity: sha512-Iuws0kxo4yusk7sw70Xa2E2imZU5HoixzxfGCdxwBdhiDgt9vX9VUCBhqcwY7/uh//78A1hMkkROMJq9l27oLQ==}
    engines: {node: '>=18'}
    cpu: [ia32]
    os: [win32]

  '@esbuild/win32-x64@0.27.2':
    resolution: {integrity: sha512-sRdU18mcKf7F+YgheI/zGf5alZatMUTKj/jNS6l744f9u3WFu4v7twcUI9vu4mknF4Y9aDlblIie0IM+5xxaqQ==}
    engines: {node: '>=18'}
    cpu: [x64]
    os: [win32]

  '@floating-ui/core@1.6.9':
    resolution: {integrity: sha512-uMXCuQ3BItDUbAMhIXw7UPXRfAlOAvZzdK9BWpE60MCn+Svt3aLn9jsPTi/WNGlRUu2uI0v5S7JiIUsbsvh3fw==}

  '@floating-ui/dom@1.6.13':
    resolution: {integrity: sha512-umqzocjDgNRGTuO7Q8CU32dkHkECqI8ZdMZ5Swb6QAM0t5rnlrN3lGo1hdpscRd3WS8T6DKYK4ephgIH9iRh3w==}

  '@floating-ui/utils@0.2.9':
    resolution: {integrity: sha512-MDWhGtE+eHw5JW7lq4qhc5yRLS11ERl1c7Z6Xd0a58DozHES6EnNNwUWbMiG4J9Cgj053Bhk8zvlhFYKVhULwg==}

  '@iizukak/codemirror-lang-wgsl@0.3.0':
    resolution: {integrity: sha512-Hv957EXK8CzJvoAlKLtHBfC3BIiqFlTBu/0znBgSYhooDBZBpZQEKp1zgr3OYbg03CG1mRJmrypO/HQXB3xavA==}

  '@jridgewell/gen-mapping@0.3.13':
    resolution: {integrity: sha512-2kkt/7niJ6MgEPxF0bYdQ6etZaA+fQvDcLKckhy1yIQOzaoKjBBjSj63/aLVjYE3qhRt5dvM+uUyfCg6UKCBbA==}

  '@jridgewell/remapping@2.3.5':
    resolution: {integrity: sha512-LI9u/+laYG4Ds1TDKSJW2YPrIlcVYOwi2fUC6xB43lueCjgxV4lffOCZCtYFiH6TNOX+tQKXx97T4IKHbhyHEQ==}

  '@jridgewell/resolve-uri@3.1.2':
    resolution: {integrity: sha512-bRISgCIjP20/tbWSPWMEi54QVPRZExkuD9lJL+UIxUKtwVJA8wW1Trb1jMs1RFXo1CBTNZ/5hpC9QvmKWdopKw==}
    engines: {node: '>=6.0.0'}

  '@jridgewell/sourcemap-codec@1.5.5':
    resolution: {integrity: sha512-cYQ9310grqxueWbl+WuIUIaiUaDcj7WOq5fVhEljNVgRfOUhY9fy2zTvfoqWsnebh8Sl70VScFbICvJnLKB0Og==}

  '@jridgewell/trace-mapping@0.3.31':
    resolution: {integrity: sha512-zzNR+SdQSDJzc8joaeP8QQoCQr8NuYx2dIIytl1QeBEZHJ9uW6hebsrYgbz8hJwUQao3TWCMtmfV8Nu1twOLAw==}

  '@lezer/common@1.2.3':
    resolution: {integrity: sha512-w7ojc8ejBqr2REPsWxJjrMFsA/ysDCFICn8zEOR9mrqzOu2amhITYuLD8ag6XZf0CFXDrhKqw7+tW8cX66NaDA==}

  '@lezer/highlight@1.2.1':
    resolution: {integrity: sha512-Z5duk4RN/3zuVO7Jq0pGLJ3qynpxUVsh7IbUbGj88+uV2ApSAn6kWg2au3iJb+0Zi7kKtqffIESgNcRXWZWmSA==}

  '@lezer/lr@1.4.2':
    resolution: {integrity: sha512-pu0K1jCIdnQ12aWNaAVU5bzi7Bd1w54J3ECgANPmYLtQKP0HBj2cE/5coBD66MT10xbtIuUr7tg0Shbsvk0mDA==}

  '@lit-labs/ssr-dom-shim@1.3.0':
    resolution: {integrity: sha512-nQIWonJ6eFAvUUrSlwyHDm/aE8PBDu5kRpL0vHMg6K8fK3Diq1xdPjTnsJSwxABhaZ+5eBi1btQB5ShUTKo4nQ==}

  '@lit/react@1.0.7':
    resolution: {integrity: sha512-cencnwwLXQKiKxjfFzSgZRngcWJzUDZi/04E0fSaF86wZgchMdvTyu+lE36DrUfvuus3bH8+xLPrhM1cTjwpzw==}
    peerDependencies:
      '@types/react': 17 || 18 || 19

  '@lit/reactive-element@2.0.4':
    resolution: {integrity: sha512-GFn91inaUa2oHLak8awSIigYz0cU0Payr1rcFsrkf5OJ5eSPxElyZfKh0f2p9FsTiZWXQdWGJeXZICEfXXYSXQ==}

  '@marijn/find-cluster-break@1.0.2':
    resolution: {integrity: sha512-l0h88YhZFyKdXIFNfSWpyjStDjGHwZ/U7iobcK1cQQD8sejsONdQtTVU+1wVN1PBw40PiiHB1vA5S7VTfQiP9g==}

  '@playwright/test@1.57.0':
    resolution: {integrity: sha512-6TyEnHgd6SArQO8UO2OMTxshln3QMWBtPGrOCgs3wVEmQmwyuNtB10IZMfmYDE0riwNR1cu4q+pPcxMVtaG3TA==}
    engines: {node: '>=18'}
    hasBin: true

  '@rollup/rollup-android-arm-eabi@4.54.0':
    resolution: {integrity: sha512-OywsdRHrFvCdvsewAInDKCNyR3laPA2mc9bRYJ6LBp5IyvF3fvXbbNR0bSzHlZVFtn6E0xw2oZlyjg4rKCVcng==}
    cpu: [arm]
    os: [android]

  '@rollup/rollup-android-arm64@4.54.0':
    resolution: {integrity: sha512-Skx39Uv+u7H224Af+bDgNinitlmHyQX1K/atIA32JP3JQw6hVODX5tkbi2zof/E69M1qH2UoN3Xdxgs90mmNYw==}
    cpu: [arm64]
    os: [android]

  '@rollup/rollup-darwin-arm64@4.54.0':
    resolution: {integrity: sha512-k43D4qta/+6Fq+nCDhhv9yP2HdeKeP56QrUUTW7E6PhZP1US6NDqpJj4MY0jBHlJivVJD5P8NxrjuobZBJTCRw==}
    cpu: [arm64]
    os: [darwin]

  '@rollup/rollup-darwin-x64@4.54.0':
    resolution: {integrity: sha512-cOo7biqwkpawslEfox5Vs8/qj83M/aZCSSNIWpVzfU2CYHa2G3P1UN5WF01RdTHSgCkri7XOlTdtk17BezlV3A==}
    cpu: [x64]
    os: [darwin]

  '@rollup/rollup-freebsd-arm64@4.54.0':
    resolution: {integrity: sha512-miSvuFkmvFbgJ1BevMa4CPCFt5MPGw094knM64W9I0giUIMMmRYcGW/JWZDriaw/k1kOBtsWh1z6nIFV1vPNtA==}
    cpu: [arm64]
    os: [freebsd]

  '@rollup/rollup-freebsd-x64@4.54.0':
    resolution: {integrity: sha512-KGXIs55+b/ZfZsq9aR026tmr/+7tq6VG6MsnrvF4H8VhwflTIuYh+LFUlIsRdQSgrgmtM3fVATzEAj4hBQlaqQ==}
    cpu: [x64]
    os: [freebsd]

  '@rollup/rollup-linux-arm-gnueabihf@4.54.0':
    resolution: {integrity: sha512-EHMUcDwhtdRGlXZsGSIuXSYwD5kOT9NVnx9sqzYiwAc91wfYOE1g1djOEDseZJKKqtHAHGwnGPQu3kytmfaXLQ==}
    cpu: [arm]
    os: [linux]
    libc: [glibc]

  '@rollup/rollup-linux-arm-musleabihf@4.54.0':
    resolution: {integrity: sha512-+pBrqEjaakN2ySv5RVrj/qLytYhPKEUwk+e3SFU5jTLHIcAtqh2rLrd/OkbNuHJpsBgxsD8ccJt5ga/SeG0JmA==}
    cpu: [arm]
    os: [linux]
    libc: [musl]

  '@rollup/rollup-linux-arm64-gnu@4.54.0':
    resolution: {integrity: sha512-NSqc7rE9wuUaRBsBp5ckQ5CVz5aIRKCwsoa6WMF7G01sX3/qHUw/z4pv+D+ahL1EIKy6Enpcnz1RY8pf7bjwng==}
    cpu: [arm64]
    os: [linux]
    libc: [glibc]

  '@rollup/rollup-linux-arm64-musl@4.54.0':
    resolution: {integrity: sha512-gr5vDbg3Bakga5kbdpqx81m2n9IX8M6gIMlQQIXiLTNeQW6CucvuInJ91EuCJ/JYvc+rcLLsDFcfAD1K7fMofg==}
    cpu: [arm64]
    os: [linux]
    libc: [musl]

  '@rollup/rollup-linux-loong64-gnu@4.54.0':
    resolution: {integrity: sha512-gsrtB1NA3ZYj2vq0Rzkylo9ylCtW/PhpLEivlgWe0bpgtX5+9j9EZa0wtZiCjgu6zmSeZWyI/e2YRX1URozpIw==}
    cpu: [loong64]
    os: [linux]
    libc: [glibc]

  '@rollup/rollup-linux-ppc64-gnu@4.54.0':
    resolution: {integrity: sha512-y3qNOfTBStmFNq+t4s7Tmc9hW2ENtPg8FeUD/VShI7rKxNW7O4fFeaYbMsd3tpFlIg1Q8IapFgy7Q9i2BqeBvA==}
    cpu: [ppc64]
    os: [linux]
    libc: [glibc]

  '@rollup/rollup-linux-riscv64-gnu@4.54.0':
    resolution: {integrity: sha512-89sepv7h2lIVPsFma8iwmccN7Yjjtgz0Rj/Ou6fEqg3HDhpCa+Et+YSufy27i6b0Wav69Qv4WBNl3Rs6pwhebQ==}
    cpu: [riscv64]
    os: [linux]
    libc: [glibc]

  '@rollup/rollup-linux-riscv64-musl@4.54.0':
    resolution: {integrity: sha512-ZcU77ieh0M2Q8Ur7D5X7KvK+UxbXeDHwiOt/CPSBTI1fBmeDMivW0dPkdqkT4rOgDjrDDBUed9x4EgraIKoR2A==}
    cpu: [riscv64]
    os: [linux]
    libc: [musl]

  '@rollup/rollup-linux-s390x-gnu@4.54.0':
    resolution: {integrity: sha512-2AdWy5RdDF5+4YfG/YesGDDtbyJlC9LHmL6rZw6FurBJ5n4vFGupsOBGfwMRjBYH7qRQowT8D/U4LoSvVwOhSQ==}
    cpu: [s390x]
    os: [linux]
    libc: [glibc]

  '@rollup/rollup-linux-x64-gnu@4.54.0':
    resolution: {integrity: sha512-WGt5J8Ij/rvyqpFexxk3ffKqqbLf9AqrTBbWDk7ApGUzaIs6V+s2s84kAxklFwmMF/vBNGrVdYgbblCOFFezMQ==}
    cpu: [x64]
    os: [linux]
    libc: [glibc]

  '@rollup/rollup-linux-x64-musl@4.54.0':
    resolution: {integrity: sha512-JzQmb38ATzHjxlPHuTH6tE7ojnMKM2kYNzt44LO/jJi8BpceEC8QuXYA908n8r3CNuG/B3BV8VR3Hi1rYtmPiw==}
    cpu: [x64]
    os: [linux]
    libc: [musl]

  '@rollup/rollup-openharmony-arm64@4.54.0':
    resolution: {integrity: sha512-huT3fd0iC7jigGh7n3q/+lfPcXxBi+om/Rs3yiFxjvSxbSB6aohDFXbWvlspaqjeOh+hx7DDHS+5Es5qRkWkZg==}
    cpu: [arm64]
    os: [openharmony]

  '@rollup/rollup-win32-arm64-msvc@4.54.0':
    resolution: {integrity: sha512-c2V0W1bsKIKfbLMBu/WGBz6Yci8nJ/ZJdheE0EwB73N3MvHYKiKGs3mVilX4Gs70eGeDaMqEob25Tw2Gb9Nqyw==}
    cpu: [arm64]
    os: [win32]

  '@rollup/rollup-win32-ia32-msvc@4.54.0':
    resolution: {integrity: sha512-woEHgqQqDCkAzrDhvDipnSirm5vxUXtSKDYTVpZG3nUdW/VVB5VdCYA2iReSj/u3yCZzXID4kuKG7OynPnB3WQ==}
    cpu: [ia32]
    os: [win32]

  '@rollup/rollup-win32-x64-gnu@4.54.0':
    resolution: {integrity: sha512-dzAc53LOuFvHwbCEOS0rPbXp6SIhAf2txMP5p6mGyOXXw5mWY8NGGbPMPrs4P1WItkfApDathBj/NzMLUZ9rtQ==}
    cpu: [x64]
    os: [win32]

  '@rollup/rollup-win32-x64-msvc@4.54.0':
    resolution: {integrity: sha512-hYT5d3YNdSh3mbCU1gwQyPgQd3T2ne0A3KG8KSBdav5TiBg6eInVmV+TeR5uHufiIgSFg0XsOWGW5/RhNcSvPg==}
    cpu: [x64]
    os: [win32]

  '@shoelace-style/animations@1.2.0':
    resolution: {integrity: sha512-avvo1xxkLbv2dgtabdewBbqcJfV0e0zCwFqkPMnHFGbJbBHorRFfMAHh1NG9ymmXn0jW95ibUVH03E1NYXD6Gw==}

  '@shoelace-style/localize@3.2.1':
    resolution: {integrity: sha512-r4C9C/5kSfMBIr0D9imvpRdCNXtUNgyYThc4YlS6K5Hchv1UyxNQ9mxwj+BTRH2i1Neits260sR3OjKMnplsFA==}

  '@shoelace-style/shoelace@2.20.1':
    resolution: {integrity: sha512-FSghU95jZPGbwr/mybVvk66qRZYpx5FkXL+vLNpy1Vp8UsdwSxXjIHE3fsvMbKWTKi9UFfewHTkc5e7jAqRYoQ==}
    engines: {node: '>=14.17.0'}

  '@types/estree@1.0.8':
    resolution: {integrity: sha512-dWHzHa2WqEXI/O1E9OjrocMTKJl2mSrEolh1Iomrv6U+JuNwaHXsXx9bLu5gG7BUWFIN0skIQJQ/L1rIex4X6w==}

  '@types/react@19.0.12':
    resolution: {integrity: sha512-V6Ar115dBDrjbtXSrS+/Oruobc+qVbbUxDFC1RSbRqLt5SYvxxyIDrSC85RWml54g+jfNeEMZhEj7wW07ONQhA==}

  '@types/trusted-types@2.0.7':
    resolution: {integrity: sha512-ScaPdn1dQczgbl0QFTeTOmVHFULt394XJgOQNoyVhZ6r2vLnMLJfBPd53SB52T/3G36VI1/g2MZaX0cwDuXsfw==}

  '@webgpu/types@0.1.68':
    resolution: {integrity: sha512-3ab1B59Ojb6RwjOspYLsTpCzbNB3ZaamIAxBMmvnNkiDoLTZUOBXZ9p5nAYVEkQlDdf6qAZWi1pqj9+ypiqznA==}

  acorn@8.15.0:
    resolution: {integrity: sha512-NZyJarBfL7nWwIq+FDL6Zp/yHEhePMNnnJ0y3qfieCrmNvYct8uvtiV41UvlSe6apAfk0fY1FbWx+NwfmpvtTg==}
    engines: {node: '>=0.4.0'}
    hasBin: true

  anymatch@3.1.3:
    resolution: {integrity: sha512-KMReFUr0B4t+D+OBkjR3KYqvocp2XaSzO55UcB6mgQMd3KbcE+mWTyvVV7D/zsdEbNnV6acZUutkiHQXvTr1Rw==}
    engines: {node: '>= 8'}

  binary-extensions@2.3.0:
    resolution: {integrity: sha512-Ceh+7ox5qe7LJuLHoY0feh3pHuUDHAcRUeyL2VYghZwfpkNIy/+8Ocg0a3UuSoYzavmylwuLWQOf3hl0jjMMIw==}
    engines: {node: '>=8'}

  braces@3.0.3:
    resolution: {integrity: sha512-yQbXgO/OSZVD2IsiLlro+7Hf6Q18EJrKSEsdoMzKePKXct3gvD8oLcOQdIzGupr5Fj+EDe8gO/lxc1BzfMpxvA==}
    engines: {node: '>=8'}

  chokidar@3.6.0:
    resolution: {integrity: sha512-7VT13fmjotKpGipCW9JEQAusEPE+Ei8nl6/g4FBAmIm0GOOLMua9NDDo/DWp0ZAxCr3cPq5ZpBqmPAQgDda2Pw==}
    engines: {node: '>= 8.10.0'}

  codemirror@6.0.1:
    resolution: {integrity: sha512-J8j+nZ+CdWmIeFIGXEFbFPtpiYacFMDR8GlHK3IyHQJMCaVRfGx9NT+Hxivv1ckLWPvNdZqndbr/7lVhrf/Svg==}

  composed-offset-position@0.0.6:
    resolution: {integrity: sha512-Q7dLompI6lUwd7LWyIcP66r4WcS9u7AL2h8HaeipiRfCRPLMWqRx8fYsjb4OHi6UQFifO7XtNC2IlEJ1ozIFxw==}
    peerDependencies:
      '@floating-ui/utils': ^0.2.5

  crelt@1.0.6:
    resolution: {integrity: sha512-VQ2MBenTq1fWZUH9DJNGti7kKv6EeAuYr3cLwxUWhIu1baTaXh4Ib5W2CqHVqib4/MqbYGJqiL3Zb8GJZr3l4g==}

  csstype@3.1.3:
    resolution: {integrity: sha512-M1uQkMl8rQK/szD0LNhtqxIPLpimGm8sOBwU7lLnCpSbTyY3yeU1Vc7l4KT5zT4s/yOxHH5O7tIuuLOCnLADRw==}

  esbuild@0.27.2:
    resolution: {integrity: sha512-HyNQImnsOC7X9PMNaCIeAm4ISCQXs5a5YasTXVliKv4uuBo1dKrG0A+uQS8M5eXjVMnLg3WgXaKvprHlFJQffw==}
    engines: {node: '>=18'}
    hasBin: true

  fdir@6.5.0:
    resolution: {integrity: sha512-tIbYtZbucOs0BRGqPJkshJUYdL+SDH7dVM8gjy+ERp3WAUjLEFJE+02kanyHtwjWOnwrKYBiwAmM0p4kLJAnXg==}
    engines: {node: '>=12.0.0'}
    peerDependencies:
      picomatch: ^3 || ^4
    peerDependenciesMeta:
      picomatch:
        optional: true

  fill-range@7.1.1:
    resolution: {integrity: sha512-YsGpe3WHLK8ZYi4tWDg2Jy3ebRz2rXowDxnld4bkQB00cc/1Zw9AWnC0i9ztDJitivtQvaI9KaLyKrc+hBW0yg==}
    engines: {node: '>=8'}

  fsevents@2.3.2:
    resolution: {integrity: sha512-xiqMQR4xAeHTuB9uWm+fFRcIOgKBMiOBP+eXiyT7jsgVCq1bkVygt00oASowB7EdtpOHaaPgKt812P9ab+DDKA==}
    engines: {node: ^8.16.0 || ^10.6.0 || >=11.0.0}
    os: [darwin]

  fsevents@2.3.3:
    resolution: {integrity: sha512-5xoDfX+fL7faATnagmWPpbFtwh/R77WmMMqqHGS65C3vvB0YHrgF+B1YmZ3441tMj5n63k0212XNoJwzlhffQw==}
    engines: {node: ^8.16.0 || ^10.6.0 || >=11.0.0}
    os: [darwin]

  glob-parent@5.1.2:
    resolution: {integrity: sha512-AOIgSQCepiJYwP3ARnGx+5VnTu2HBYdzbGP45eLw1vr3zB3vZLeyed1sC9hnbcOc9/SrMyM5RPQrkGz4aS9Zow==}
    engines: {node: '>= 6'}

  is-binary-path@2.1.0:
    resolution: {integrity: sha512-ZMERYes6pDydyuGidse7OsHxtbI7WVeUEozgR/g7rd0xUimYNlvZRE/K2MgZTjWy725IfelLeVcEM97mmtRGXw==}
    engines: {node: '>=8'}

  is-extglob@2.1.1:
    resolution: {integrity: sha512-SbKbANkN603Vi4jEZv49LeVJMn4yGwsbzZworEoyEiutsN3nJYdbO36zfhGJ6QEDpOZIFkDtnq5JRxmvl3jsoQ==}
    engines: {node: '>=0.10.0'}

  is-glob@4.0.3:
    resolution: {integrity: sha512-xelSayHH36ZgE7ZWhli7pW34hNbNl8Ojv5KVmkJD4hBdD3th8Tfk9vYasLM+mXWOZhFkgZfxhLSnrwRr4elSSg==}
    engines: {node: '>=0.10.0'}

  is-number@7.0.0:
    resolution: {integrity: sha512-41Cifkg6e8TylSpdtTpeLVMqvSBEVzTttHvERD741+pnZ8ANv0004MRL43QKPDlK9cGvNp6NZWZUBlbGXYxxng==}
    engines: {node: '>=0.12.0'}

  lit-element@4.1.1:
    resolution: {integrity: sha512-HO9Tkkh34QkTeUmEdNYhMT8hzLid7YlMlATSi1q4q17HE5d9mrrEHJ/o8O2D0cMi182zK1F3v7x0PWFjrhXFew==}

  lit-html@3.2.1:
    resolution: {integrity: sha512-qI/3lziaPMSKsrwlxH/xMgikhQ0EGOX2ICU73Bi/YHFvz2j/yMCIrw4+puF2IpQ4+upd3EWbvnHM9+PnJn48YA==}

  lit@3.2.1:
    resolution: {integrity: sha512-1BBa1E/z0O9ye5fZprPtdqnc0BFzxIxTTOO/tQFmyC/hj1O3jL4TfmLBw0WEwjAokdLwpclkvGgDJwTIh0/22w==}

  mini-parse@0.6.41:
    resolution: {integrity: sha512-XUQKrs2lzLXcJkyX6eIc0Bsa2nSURodYSgtPbO1SL4x6rVYmbK6v4DLqXfYIJMenas4WTn/bx5HmhjeYMS7H2g==}

  nanoid@3.3.11:
    resolution: {integrity: sha512-N8SpfPUnUp1bK+PMYW8qSWdl9U+wwNWI4QKxOYDy9JAro3WMX7p2OeVRF9v+347pnakNevPmiHhNmZ2HbFA76w==}
    engines: {node: ^10 || ^12 || ^13.7 || ^14 || >=15.0.1}
    hasBin: true

  normalize-path@3.0.0:
    resolution: {integrity: sha512-6eZs5Ls3WtCisHWp9S2GUy8dqkpGi4BVSz3GaqiE6ezub0512ESztXUwUB6C6IKbQkY2Pnb/mD4WYojCRwcwLA==}
    engines: {node: '>=0.10.0'}

  p-map@7.0.3:
    resolution: {integrity: sha512-VkndIv2fIB99swvQoA65bm+fsmt6UNdGeIB0oxBs+WhAhdh08QA04JXpI7rbB9r08/nkbysKoya9rtDERYOYMA==}
    engines: {node: '>=18'}

  picocolors@1.1.1:
    resolution: {integrity: sha512-xceH2snhtb5M9liqDsmEw56le376mTZkEX/jEb/RxNFyegNul7eNslCXP9FDj/Lcu0X8KEyMceP2ntpaHrDEVA==}

  picomatch@2.3.1:
    resolution: {integrity: sha512-JU3teHTNjmE2VCGFzuY8EXzCDVwEqB2a8fsIvwaStHhAWJEeVd1o1QD80CU6+ZdEXXSLbSsuLwJjkCBWqRQUVA==}
    engines: {node: '>=8.6'}

  picomatch@4.0.3:
    resolution: {integrity: sha512-5gTmgEY/sqK6gFXLIsQNH19lWb4ebPDLA4SdLP7dsWkIXHWlG66oPuVvXSGFPppYZz8ZDZq0dYYrbHfBCVUb1Q==}
    engines: {node: '>=12'}

  playwright-core@1.57.0:
    resolution: {integrity: sha512-agTcKlMw/mjBWOnD6kFZttAAGHgi/Nw0CZ2o6JqWSbMlI219lAFLZZCyqByTsvVAJq5XA5H8cA6PrvBRpBWEuQ==}
    engines: {node: '>=18'}
    hasBin: true

  playwright@1.57.0:
    resolution: {integrity: sha512-ilYQj1s8sr2ppEJ2YVadYBN0Mb3mdo9J0wQ+UuDhzYqURwSoW4n1Xs5vs7ORwgDGmyEh33tRMeS8KhdkMoLXQw==}
    engines: {node: '>=18'}
    hasBin: true

  postcss@8.5.6:
    resolution: {integrity: sha512-3Ybi1tAuwAP9s0r1UQ2J4n5Y0G05bJkpUIO0/bI9MhwmD70S5aTWbXGBwxHrelT+XM1k6dM0pk+SwNkpTRN7Pg==}
    engines: {node: ^10 || ^12 || >=14}

  qr-creator@1.0.0:
    resolution: {integrity: sha512-C0cqfbS1P5hfqN4NhsYsUXePlk9BO+a45bAQ3xLYjBL3bOIFzoVEjs79Fado9u9BPBD3buHi3+vY+C8tHh4qMQ==}

  random_wgsl@0.6.49:
    resolution: {integrity: sha512-2b4eF2oVwypLl9Mm9c1kGCBeZFpdQE5z9ggobnWQvoNtZE8r173f3iEtY4o2dQofvN1oolaohVc23WEL0iomUQ==}

  readdirp@3.6.0:
    resolution: {integrity: sha512-hOS089on8RduqdbhvQ5Z37A0ESjsqz6qnRcffsMU3495FuTdqSm+7bhJ29JvIOsBDEEnan5DPu9t3To9VRlMzA==}
    engines: {node: '>=8.10.0'}

  rollup@4.54.0:
    resolution: {integrity: sha512-3nk8Y3a9Ea8szgKhinMlGMhGMw89mqule3KWczxhIzqudyHdCIOHw8WJlj/r329fACjKLEh13ZSk7oE22kyeIw==}
    engines: {node: '>=18.0.0', npm: '>=8.0.0'}
    hasBin: true

  source-map-js@1.2.1:
    resolution: {integrity: sha512-UXWMKhLOwVKb728IUtQPXxfYU+usdybtUrK/8uGE8CQMvrhOpwvzDBwj0QhSL7MQc7vIsISBG8VQ8+IDQxpfQA==}
    engines: {node: '>=0.10.0'}

  style-mod@4.1.2:
    resolution: {integrity: sha512-wnD1HyVqpJUI2+eKZ+eo1UwghftP6yuFheBqqe+bWCotBjC2K1YnteJILRMs3SM4V/0dLEW1SC27MWP5y+mwmw==}

  tinyglobby@0.2.15:
    resolution: {integrity: sha512-j2Zq4NyQYG5XMST4cbs02Ak8iJUdxRM0XI5QyxXuZOzKOINmWurp3smXu3y5wDcJrptwpSjgXHzIQxR0omXljQ==}
    engines: {node: '>=12.0.0'}

  to-regex-range@5.0.1:
    resolution: {integrity: sha512-65P7iz6X5yEr1cwcgvQxbbIw7Uk3gOy5dIdtZ4rDveLqhrdJP+Li/Hx6tyK0NEb+2GCyneCMJiGqrADCSNk8sQ==}
    engines: {node: '>=8.0'}

  typescript@5.9.3:
    resolution: {integrity: sha512-jl1vZzPDinLr9eUt3J/t7V6FgNEw9QjvBPdysz9KfQDD41fQrC2Y4vKQdiaUpFT4bXlb1RHhLpp8wtm6M5TgSw==}
    engines: {node: '>=14.17'}
    hasBin: true

  unplugin@2.3.11:
    resolution: {integrity: sha512-5uKD0nqiYVzlmCRs01Fhs2BdkEgBS3SAVP6ndrBsuK42iC2+JHyxM05Rm9G8+5mkmRtzMZGY8Ct5+mliZxU/Ww==}
    engines: {node: '>=18.12.0'}

  vite-plugin-static-copy@3.1.4:
    resolution: {integrity: sha512-iCmr4GSw4eSnaB+G8zc2f4dxSuDjbkjwpuBLLGvQYR9IW7rnDzftnUjOH5p4RYR+d4GsiBqXRvzuFhs5bnzVyw==}
    engines: {node: ^18.0.0 || >=20.0.0}
    peerDependencies:
      vite: ^5.0.0 || ^6.0.0 || ^7.0.0

  vite@7.3.0:
    resolution: {integrity: sha512-dZwN5L1VlUBewiP6H9s2+B3e3Jg96D0vzN+Ry73sOefebhYr9f94wwkMNN/9ouoU8pV1BqA1d1zGk8928cx0rg==}
    engines: {node: ^20.19.0 || >=22.12.0}
    hasBin: true
    peerDependencies:
      '@types/node': ^20.19.0 || >=22.12.0
      jiti: '>=1.21.0'
      less: ^4.0.0
      lightningcss: ^1.21.0
      sass: ^1.70.0
      sass-embedded: ^1.70.0
      stylus: '>=0.54.8'
      sugarss: ^5.0.0
      terser: ^5.16.0
      tsx: ^4.8.1
      yaml: ^2.4.2
    peerDependenciesMeta:
      '@types/node':
        optional: true
      jiti:
        optional: true
      less:
        optional: true
      lightningcss:
        optional: true
      sass:
        optional: true
      sass-embedded:
        optional: true
      stylus:
        optional: true
      sugarss:
        optional: true
      terser:
        optional: true
      tsx:
        optional: true
      yaml:
        optional: true

  w3c-keyname@2.2.8:
    resolution: {integrity: sha512-dpojBhNsCNN7T82Tm7k26A6G9ML3NkhDsnw9n/eoxSRlVBB4CEtIQ/KTCLI2Fwf3ataSXRhYFkQi3SlnFwPvPQ==}

  webpack-virtual-modules@0.6.2:
    resolution: {integrity: sha512-66/V2i5hQanC51vBQKPH4aI8NMAcBW59FVBs+rC7eGHupMyfn34q7rZIE+ETlJ+XTevqfUhVVBgSUNSW2flEUQ==}

  wesl-plugin@0.6.49:
    resolution: {integrity: sha512-1qX/5NviMLmvjltoNIGGeNhY8ugCNgHsxNhzl+5/Dapj1eel+m5lTDi0ITdK9crwOSzSehMU/K25816tR73MuQ==}
    peerDependencies:
      '@farmfe/core': '>=1'
      '@nuxt/kit': ^3
      '@nuxt/schema': ^3
      esbuild: '*'
      rollup: ^3
      vite: '>=3'
      webpack: ^4 || ^5
    peerDependenciesMeta:
      '@farmfe/core':
        optional: true
      '@nuxt/kit':
        optional: true
      '@nuxt/schema':
        optional: true
      esbuild:
        optional: true
      rollup:
        optional: true
      vite:
        optional: true
      webpack:
        optional: true

  wesl@0.6.49:
    resolution: {integrity: sha512-nM1DgWqoh9CtcneIonMGlp34suBJDKY5Wl5q/25eS+ZrKm6BPUrGe/bNyb8+h3lmhT+Dz8AVEuHR6QNV5CGtPA==}

snapshots:

  '@codemirror/autocomplete@6.18.6':
    dependencies:
      '@codemirror/language': 6.11.3
      '@codemirror/state': 6.5.2
      '@codemirror/view': 6.36.5
      '@lezer/common': 1.2.3

  '@codemirror/commands@6.8.1':
    dependencies:
      '@codemirror/language': 6.11.3
      '@codemirror/state': 6.5.2
      '@codemirror/view': 6.36.5
      '@lezer/common': 1.2.3

  '@codemirror/language@6.11.3':
    dependencies:
      '@codemirror/state': 6.5.2
      '@codemirror/view': 6.36.5
      '@lezer/common': 1.2.3
      '@lezer/highlight': 1.2.1
      '@lezer/lr': 1.4.2
      style-mod: 4.1.2

  '@codemirror/lint@6.8.5':
    dependencies:
      '@codemirror/state': 6.5.2
      '@codemirror/view': 6.36.5
      crelt: 1.0.6

  '@codemirror/search@6.5.10':
    dependencies:
      '@codemirror/state': 6.5.2
      '@codemirror/view': 6.36.5
      crelt: 1.0.6

  '@codemirror/state@6.5.2':
    dependencies:
      '@marijn/find-cluster-break': 1.0.2

  '@codemirror/view@6.36.5':
    dependencies:
      '@codemirror/state': 6.5.2
      style-mod: 4.1.2
      w3c-keyname: 2.2.8

  '@ctrl/tinycolor@4.1.0': {}

  '@esbuild/aix-ppc64@0.27.2':
    optional: true

  '@esbuild/android-arm64@0.27.2':
    optional: true

  '@esbuild/android-arm@0.27.2':
    optional: true

  '@esbuild/android-x64@0.27.2':
    optional: true

  '@esbuild/darwin-arm64@0.27.2':
    optional: true

  '@esbuild/darwin-x64@0.27.2':
    optional: true

  '@esbuild/freebsd-arm64@0.27.2':
    optional: true

  '@esbuild/freebsd-x64@0.27.2':
    optional: true

  '@esbuild/linux-arm64@0.27.2':
    optional: true

  '@esbuild/linux-arm@0.27.2':
    optional: true

  '@esbuild/linux-ia32@0.27.2':
    optional: true

  '@esbuild/linux-loong64@0.27.2':
    optional: true

  '@esbuild/linux-mips64el@0.27.2':
    optional: true

  '@esbuild/linux-ppc64@0.27.2':
    optional: true

  '@esbuild/linux-riscv64@0.27.2':
    optional: true

  '@esbuild/linux-s390x@0.27.2':
    optional: true

  '@esbuild/linux-x64@0.27.2':
    optional: true

  '@esbuild/netbsd-arm64@0.27.2':
    optional: true

  '@esbuild/netbsd-x64@0.27.2':
    optional: true

  '@esbuild/openbsd-arm64@0.27.2':
    optional: true

  '@esbuild/openbsd-x64@0.27.2':
    optional: true

  '@esbuild/openharmony-arm64@0.27.2':
    optional: true

  '@esbuild/sunos-x64@0.27.2':
    optional: true

  '@esbuild/win32-arm64@0.27.2':
    optional: true

  '@esbuild/win32-ia32@0.27.2':
    optional: true

  '@esbuild/win32-x64@0.27.2':
    optional: true

  '@floating-ui/core@1.6.9':
    dependencies:
      '@floating-ui/utils': 0.2.9

  '@floating-ui/dom@1.6.13':
    dependencies:
      '@floating-ui/core': 1.6.9
      '@floating-ui/utils': 0.2.9

  '@floating-ui/utils@0.2.9': {}

  '@iizukak/codemirror-lang-wgsl@0.3.0':
    dependencies:
      '@codemirror/language': 6.11.3
      '@lezer/highlight': 1.2.1
      '@lezer/lr': 1.4.2
      codemirror: 6.0.1

  '@jridgewell/gen-mapping@0.3.13':
    dependencies:
      '@jridgewell/sourcemap-codec': 1.5.5
      '@jridgewell/trace-mapping': 0.3.31

  '@jridgewell/remapping@2.3.5':
    dependencies:
      '@jridgewell/gen-mapping': 0.3.13
      '@jridgewell/trace-mapping': 0.3.31

  '@jridgewell/resolve-uri@3.1.2': {}

  '@jridgewell/sourcemap-codec@1.5.5': {}

  '@jridgewell/trace-mapping@0.3.31':
    dependencies:
      '@jridgewell/resolve-uri': 3.1.2
      '@jridgewell/sourcemap-codec': 1.5.5

  '@lezer/common@1.2.3': {}

  '@lezer/highlight@1.2.1':
    dependencies:
      '@lezer/common': 1.2.3

  '@lezer/lr@1.4.2':
    dependencies:
      '@lezer/common': 1.2.3

  '@lit-labs/ssr-dom-shim@1.3.0': {}

  '@lit/react@1.0.7(@types/react@19.0.12)':
    dependencies:
      '@types/react': 19.0.12

  '@lit/reactive-element@2.0.4':
    dependencies:
      '@lit-labs/ssr-dom-shim': 1.3.0

  '@marijn/find-cluster-break@1.0.2': {}

  '@playwright/test@1.57.0':
    dependencies:
      playwright: 1.57.0

  '@rollup/rollup-android-arm-eabi@4.54.0':
    optional: true

  '@rollup/rollup-android-arm64@4.54.0':
    optional: true

  '@rollup/rollup-darwin-arm64@4.54.0':
    optional: true

  '@rollup/rollup-darwin-x64@4.54.0':
    optional: true

  '@rollup/rollup-freebsd-arm64@4.54.0':
    optional: true

  '@rollup/rollup-freebsd-x64@4.54.0':
    optional: true

  '@rollup/rollup-linux-arm-gnueabihf@4.54.0':
    optional: true

  '@rollup/rollup-linux-arm-musleabihf@4.54.0':
    optional: true

  '@rollup/rollup-linux-arm64-gnu@4.54.0':
    optional: true

  '@rollup/rollup-linux-arm64-musl@4.54.0':
    optional: true

  '@rollup/rollup-linux-loong64-gnu@4.54.0':
    optional: true

  '@rollup/rollup-linux-ppc64-gnu@4.54.0':
    optional: true

  '@rollup/rollup-linux-riscv64-gnu@4.54.0':
    optional: true

  '@rollup/rollup-linux-riscv64-musl@4.54.0':
    optional: true

  '@rollup/rollup-linux-s390x-gnu@4.54.0':
    optional: true

  '@rollup/rollup-linux-x64-gnu@4.54.0':
    optional: true

  '@rollup/rollup-linux-x64-musl@4.54.0':
    optional: true

  '@rollup/rollup-openharmony-arm64@4.54.0':
    optional: true

  '@rollup/rollup-win32-arm64-msvc@4.54.0':
    optional: true

  '@rollup/rollup-win32-ia32-msvc@4.54.0':
    optional: true

  '@rollup/rollup-win32-x64-gnu@4.54.0':
    optional: true

  '@rollup/rollup-win32-x64-msvc@4.54.0':
    optional: true

  '@shoelace-style/animations@1.2.0': {}

  '@shoelace-style/localize@3.2.1': {}

  '@shoelace-style/shoelace@2.20.1(@floating-ui/utils@0.2.9)(@types/react@19.0.12)':
    dependencies:
      '@ctrl/tinycolor': 4.1.0
      '@floating-ui/dom': 1.6.13
      '@lit/react': 1.0.7(@types/react@19.0.12)
      '@shoelace-style/animations': 1.2.0
      '@shoelace-style/localize': 3.2.1
      composed-offset-position: 0.0.6(@floating-ui/utils@0.2.9)
      lit: 3.2.1
      qr-creator: 1.0.0
    transitivePeerDependencies:
      - '@floating-ui/utils'
      - '@types/react'

  '@types/estree@1.0.8': {}

  '@types/react@19.0.12':
    dependencies:
      csstype: 3.1.3

  '@types/trusted-types@2.0.7': {}

  '@webgpu/types@0.1.68': {}

  acorn@8.15.0: {}

  anymatch@3.1.3:
    dependencies:
      normalize-path: 3.0.0
      picomatch: 2.3.1

  binary-extensions@2.3.0: {}

  braces@3.0.3:
    dependencies:
      fill-range: 7.1.1

  chokidar@3.6.0:
    dependencies:
      anymatch: 3.1.3
      braces: 3.0.3
      glob-parent: 5.1.2
      is-binary-path: 2.1.0
      is-glob: 4.0.3
      normalize-path: 3.0.0
      readdirp: 3.6.0
    optionalDependencies:
      fsevents: 2.3.3

  codemirror@6.0.1:
    dependencies:
      '@codemirror/autocomplete': 6.18.6
      '@codemirror/commands': 6.8.1
      '@codemirror/language': 6.11.3
      '@codemirror/lint': 6.8.5
      '@codemirror/search': 6.5.10
      '@codemirror/state': 6.5.2
      '@codemirror/view': 6.36.5

  composed-offset-position@0.0.6(@floating-ui/utils@0.2.9):
    dependencies:
      '@floating-ui/utils': 0.2.9

  crelt@1.0.6: {}

  csstype@3.1.3: {}

  esbuild@0.27.2:
    optionalDependencies:
      '@esbuild/aix-ppc64': 0.27.2
      '@esbuild/android-arm': 0.27.2
      '@esbuild/android-arm64': 0.27.2
      '@esbuild/android-x64': 0.27.2
      '@esbuild/darwin-arm64': 0.27.2
      '@esbuild/darwin-x64': 0.27.2
      '@esbuild/freebsd-arm64': 0.27.2
      '@esbuild/freebsd-x64': 0.27.2
      '@esbuild/linux-arm': 0.27.2
      '@esbuild/linux-arm64': 0.27.2
      '@esbuild/linux-ia32': 0.27.2
      '@esbuild/linux-loong64': 0.27.2
      '@esbuild/linux-mips64el': 0.27.2
      '@esbuild/linux-ppc64': 0.27.2
      '@esbuild/linux-riscv64': 0.27.2
      '@esbuild/linux-s390x': 0.27.2
      '@esbuild/linux-x64': 0.27.2
      '@esbuild/netbsd-arm64': 0.27.2
      '@esbuild/netbsd-x64': 0.27.2
      '@esbuild/openbsd-arm64': 0.27.2
      '@esbuild/openbsd-x64': 0.27.2
      '@esbuild/openharmony-arm64': 0.27.2
      '@esbuild/sunos-x64': 0.27.2
      '@esbuild/win32-arm64': 0.27.2
      '@esbuild/win32-ia32': 0.27.2
      '@esbuild/win32-x64': 0.27.2

  fdir@6.5.0(picomatch@4.0.3):
    optionalDependencies:
      picomatch: 4.0.3

  fill-range@7.1.1:
    dependencies:
      to-regex-range: 5.0.1

  fsevents@2.3.2:
    optional: true

  fsevents@2.3.3:
    optional: true

  glob-parent@5.1.2:
    dependencies:
      is-glob: 4.0.3

  is-binary-path@2.1.0:
    dependencies:
      binary-extensions: 2.3.0

  is-extglob@2.1.1: {}

  is-glob@4.0.3:
    dependencies:
      is-extglob: 2.1.1

  is-number@7.0.0: {}

  lit-element@4.1.1:
    dependencies:
      '@lit-labs/ssr-dom-shim': 1.3.0
      '@lit/reactive-element': 2.0.4
      lit-html: 3.2.1

  lit-html@3.2.1:
    dependencies:
      '@types/trusted-types': 2.0.7

  lit@3.2.1:
    dependencies:
      '@lit/reactive-element': 2.0.4
      lit-element: 4.1.1
      lit-html: 3.2.1

  mini-parse@0.6.41: {}

  nanoid@3.3.11: {}

  normalize-path@3.0.0: {}

  p-map@7.0.3: {}

  picocolors@1.1.1: {}

  picomatch@2.3.1: {}

  picomatch@4.0.3: {}

  playwright-core@1.57.0: {}

  playwright@1.57.0:
    dependencies:
      playwright-core: 1.57.0
    optionalDependencies:
      fsevents: 2.3.2

  postcss@8.5.6:
    dependencies:
      nanoid: 3.3.11
      picocolors: 1.1.1
      source-map-js: 1.2.1

  qr-creator@1.0.0: {}

  random_wgsl@0.6.49: {}

  readdirp@3.6.0:
    dependencies:
      picomatch: 2.3.1

  rollup@4.54.0:
    dependencies:
      '@types/estree': 1.0.8
    optionalDependencies:
      '@rollup/rollup-android-arm-eabi': 4.54.0
      '@rollup/rollup-android-arm64': 4.54.0
      '@rollup/rollup-darwin-arm64': 4.54.0
      '@rollup/rollup-darwin-x64': 4.54.0
      '@rollup/rollup-freebsd-arm64': 4.54.0
      '@rollup/rollup-freebsd-x64': 4.54.0
      '@rollup/rollup-linux-arm-gnueabihf': 4.54.0
      '@rollup/rollup-linux-arm-musleabihf': 4.54.0
      '@rollup/rollup-linux-arm64-gnu': 4.54.0
      '@rollup/rollup-linux-arm64-musl': 4.54.0
      '@rollup/rollup-linux-loong64-gnu': 4.54.0
      '@rollup/rollup-linux-ppc64-gnu': 4.54.0
      '@rollup/rollup-linux-riscv64-gnu': 4.54.0
      '@rollup/rollup-linux-riscv64-musl': 4.54.0
      '@rollup/rollup-linux-s390x-gnu': 4.54.0
      '@rollup/rollup-linux-x64-gnu': 4.54.0
      '@rollup/rollup-linux-x64-musl': 4.54.0
      '@rollup/rollup-openharmony-arm64': 4.54.0
      '@rollup/rollup-win32-arm64-msvc': 4.54.0
      '@rollup/rollup-win32-ia32-msvc': 4.54.0
      '@rollup/rollup-win32-x64-gnu': 4.54.0
      '@rollup/rollup-win32-x64-msvc': 4.54.0
      fsevents: 2.3.3

  source-map-js@1.2.1: {}

  style-mod@4.1.2: {}

  tinyglobby@0.2.15:
    dependencies:
      fdir: 6.5.0(picomatch@4.0.3)
      picomatch: 4.0.3

  to-regex-range@5.0.1:
    dependencies:
      is-number: 7.0.0

  typescript@5.9.3: {}

  unplugin@2.3.11:
    dependencies:
      '@jridgewell/remapping': 2.3.5
      acorn: 8.15.0
      picomatch: 4.0.3
      webpack-virtual-modules: 0.6.2

  vite-plugin-static-copy@3.1.4(vite@7.3.0):
    dependencies:
      chokidar: 3.6.0
      p-map: 7.0.3
      picocolors: 1.1.1
      tinyglobby: 0.2.15
      vite: 7.3.0

  vite@7.3.0:
    dependencies:
      esbuild: 0.27.2
      fdir: 6.5.0(picomatch@4.0.3)
      picomatch: 4.0.3
      postcss: 8.5.6
      rollup: 4.54.0
      tinyglobby: 0.2.15
    optionalDependencies:
      fsevents: 2.3.3

  w3c-keyname@2.2.8: {}

  webpack-virtual-modules@0.6.2: {}

  wesl-plugin@0.6.49(esbuild@0.27.2)(vite@7.3.0):
    dependencies:
      unplugin: 2.3.11
      wesl: 0.6.49
    optionalDependencies:
      esbuild: 0.27.2
      vite: 7.3.0

  wesl@0.6.49:
    dependencies:
      mini-parse: 0.6.41
